
Microsoft Visual Studio Solution File, Format Version 12.00
# Visual Studio Version 17
VisualStudioVersion = 17.4.33122.133
MinimumVisualStudioVersion = 10.0.40219.1
Project("{FAE04EC0-301F-11D3-BF4B-00C04F79EFBC}") = "poligon-jaksa2026b", "poligon-jaksa2026b.csproj", "{EBEAC5AB-2F09-40B0-8B59-9F0648E1FB0E}"
EndProject
Global
	GlobalSection(SolutionConfigurationPlatforms) = preSolution
		Debug|Any CPU = Debug|Any CPU
		Release|Any CPU = Release|Any CPU
	EndGlobalSection
	GlobalSection(ProjectConfigurationPlatforms) = postSolution
		{EBEAC5AB-2F09-40B0-8B59-9F0648E1FB0E}.Debug|Any CPU.ActiveCfg = Debug|Any CPU
		{EBEAC5AB-2F09-40B0-8B59-9F0648E1FB0E}.Debug|Any CPU.Build.0 = Debug|Any CPU
		{EBEAC5AB-2F09-40B0-8B59-9F0648E1FB0E}.Release|Any CPU.ActiveCfg = Release|Any CPU
		{EBEAC5AB-2F09-40B0-8B59-9F0648E1FB0E}.Release|Any CPU.Build.0 = Release|Any CPU
	EndGlobalSection
	GlobalSection(SolutionProperties) = preSolution
		HideSolutionNode = FALSE
	EndGlobalSection
	GlobalSection(ExtensibilityGlobals) = postSolution
		SolutionGuid = {C6F09C25-5DEC-4DD3-BA53-B6E24A884DD9}
	EndGlobalSection
EndGlobal
